
Microsoft Visual Studio Solution File, Format Version 12.00
# Visual Studio Version 17
VisualStudioVersion = 17.7.34202.233
MinimumVisualStudioVersion = 10.0.40219.1
Project("{FAE04EC0-301F-11D3-BF4B-00C04F79EFBC}") = "DIContainers", "DIContainers.csproj", "{2B3BAC05-C8FE-465A-8108-81FA9A091EBB}"
EndProject
Global
	GlobalSection(SolutionConfigurationPlatforms) = preSolution
		Debug|Any CPU = Debug|Any CPU
		Release|Any CPU = Release|Any CPU
	EndGlobalSection
	GlobalSection(ProjectConfigurationPlatforms) = postSolution
		{2B3BAC05-C8FE-465A-8108-81FA9A091EBB}.Debug|Any CPU.ActiveCfg = Debug|Any CPU
		{2B3BAC05-C8FE-465A-8108-81FA9A091EBB}.Debug|Any CPU.Build.0 = Debug|Any CPU
		{2B3BAC05-C8FE-465A-8108-81FA9A091EBB}.Release|Any CPU.ActiveCfg = Release|Any CPU
		{2B3BAC05-C8FE-465A-8108-81FA9A091EBB}.Release|Any CPU.Build.0 = Release|Any CPU
	EndGlobalSection
	GlobalSection(SolutionProperties) = preSolution
		HideSolutionNode = FALSE
	EndGlobalSection
	GlobalSection(ExtensibilityGlobals) = postSolution
		SolutionGuid = {DB3FEC3B-A8D8-43C1-85DC-9E0D31AFBDD2}
	EndGlobalSection
EndGlobal
